
Microsoft Visual Studio Solution File, Format Version 12.00
# Visual Studio Version 16
VisualStudioVersion = 16.0.32002.261
MinimumVisualStudioVersion = 10.0.40219.1
Project("{9A19103F-16F7-4668-BE54-9A1E7A4F7556}") = "WebApp", "WebApp\WebApp.csproj", "{9A811C14-C910-4437-90B2-C88B5D08F37A}"
EndProject
Project("{9A19103F-16F7-4668-BE54-9A1E7A4F7556}") = "UseCases", "UseCases\UseCases.csproj", "{C3C83430-EA71-4DDC-83EC-21E5BCB1EB2E}"
EndProject
Project("{9A19103F-16F7-4668-BE54-9A1E7A4F7556}") = "CoreBusiness", "CoreBusiness\CoreBusiness.csproj", "{4B7F5A0F-805E-4B76-B8DF-2F0D316E8565}"
EndProject
Project("{9A19103F-16F7-4668-BE54-9A1E7A4F7556}") = "Plugins.DataStore.InMemory", "Plugins.DataStore.InMemory\Plugins.DataStore.InMemory.csproj", "{2F3F531B-C162-4C4B-950C-336E5D2A915C}"
EndProject
Project("{FAE04EC0-301F-11D3-BF4B-00C04F79EFBC}") = "Plugins.DataStore.SQL", "Plugins.DataStore.SQL\Plugins.DataStore.SQL.csproj", "{DEE05414-C5A5-438D-98C4-93512A0F8B72}"
EndProject
Global
	GlobalSection(SolutionConfigurationPlatforms) = preSolution
		Debug|Any CPU = Debug|Any CPU
		Release|Any CPU = Release|Any CPU
	EndGlobalSection
	GlobalSection(ProjectConfigurationPlatforms) = postSolution
		{9A811C14-C910-4437-90B2-C88B5D08F37A}.Debug|Any CPU.ActiveCfg = Debug|Any CPU
		{9A811C14-C910-4437-90B2-C88B5D08F37A}.Debug|Any CPU.Build.0 = Debug|Any CPU
		{9A811C14-C910-4437-90B2-C88B5D08F37A}.Release|Any CPU.ActiveCfg = Release|Any CPU
		{9A811C14-C910-4437-90B2-C88B5D08F37A}.Release|Any CPU.Build.0 = Release|Any CPU
		{C3C83430-EA71-4DDC-83EC-21E5BCB1EB2E}.Debug|Any CPU.ActiveCfg = Debug|Any CPU
		{C3C83430-EA71-4DDC-83EC-21E5BCB1EB2E}.Debug|Any CPU.Build.0 = Debug|Any CPU
		{C3C83430-EA71-4DDC-83EC-21E5BCB1EB2E}.Release|Any CPU.ActiveCfg = Release|Any CPU
		{C3C83430-EA71-4DDC-83EC-21E5BCB1EB2E}.Release|Any CPU.Build.0 = Release|Any CPU
		{4B7F5A0F-805E-4B76-B8DF-2F0D316E8565}.Debug|Any CPU.ActiveCfg = Debug|Any CPU
		{4B7F5A0F-805E-4B76-B8DF-2F0D316E8565}.Debug|Any CPU.Build.0 = Debug|Any CPU
		{4B7F5A0F-805E-4B76-B8DF-2F0D316E8565}.Release|Any CPU.ActiveCfg = Release|Any CPU
		{4B7F5A0F-805E-4B76-B8DF-2F0D316E8565}.Release|Any CPU.Build.0 = Release|Any CPU
		{2F3F531B-C162-4C4B-950C-336E5D2A915C}.Debug|Any CPU.ActiveCfg = Debug|Any CPU
		{2F3F531B-C162-4C4B-950C-336E5D2A915C}.Debug|Any CPU.Build.0 = Debug|Any CPU
		{2F3F531B-C162-4C4B-950C-336E5D2A915C}.Release|Any CPU.ActiveCfg = Release|Any CPU
		{2F3F531B-C162-4C4B-950C-336E5D2A915C}.Release|Any CPU.Build.0 = Release|Any CPU
		{DEE05414-C5A5-438D-98C4-93512A0F8B72}.Debug|Any CPU.ActiveCfg = Debug|Any CPU
		{DEE05414-C5A5-438D-98C4-93512A0F8B72}.Debug|Any CPU.Build.0 = Debug|Any CPU
		{DEE05414-C5A5-438D-98C4-93512A0F8B72}.Release|Any CPU.ActiveCfg = Release|Any CPU
		{DEE05414-C5A5-438D-98C4-93512A0F8B72}.Release|Any CPU.Build.0 = Release|Any CPU
	EndGlobalSection
	GlobalSection(SolutionProperties) = preSolution
		HideSolutionNode = FALSE
	EndGlobalSection
	GlobalSection(ExtensibilityGlobals) = postSolution
		SolutionGuid = {0F2BFB35-DF75-4DAD-A126-F82FAA77CD9B}
	EndGlobalSection
EndGlobal
